{
  "lockfileVersion": 1,
  "configVersion": 0,
  "workspaces": {
    "": {
      "dependencies": {
        "@codingame/monaco-vscode-all-language-default-extensions": "31.0.0",
        "@codingame/monaco-vscode-api": "31.0.0",
        "@codingame/monaco-vscode-languages-service-override": "31.0.0",
        "@codingame/monaco-vscode-standalone-css-language-features": "31.0.0",
        "@codingame/monaco-vscode-standalone-html-language-features": "31.0.0",
        "@codingame/monaco-vscode-standalone-json-language-features": "31.0.0",
        "@codingame/monaco-vscode-standalone-typescript-language-features": "31.0.0",
        "@codingame/monaco-vscode-textmate-service-override": "31.0.0",
        "@codingame/monaco-vscode-theme-defaults-default-extension": "31.0.0",
        "@codingame/monaco-vscode-theme-service-override": "31.0.0",
        "monaco-editor": "npm:@codingame/monaco-vscode-editor-api@31.0.0",
      },
      "devDependencies": {
        "vite": "^8.0.0",
      },
    },
  },
  "packages": {
    "@codingame/monaco-vscode-all-language-default-extensions": ["@codingame/monaco-vscode-all-language-default-extensions@31.0.0", "", { "dependencies": { "@codingame/monaco-vscode-bat-default-extension": "31.0.0", "@codingame/monaco-vscode-clojure-default-extension": "31.0.0", "@codingame/monaco-vscode-coffeescript-default-extension": "31.0.0", "@codingame/monaco-vscode-configuration-editing-default-extension": "31.0.0", "@codingame/monaco-vscode-cpp-default-extension": "31.0.0", "@codingame/monaco-vscode-csharp-default-extension": "31.0.0", "@codingame/monaco-vscode-css-default-extension": "31.0.0", "@codingame/monaco-vscode-dart-default-extension": "31.0.0", "@codingame/monaco-vscode-diff-default-extension": "31.0.0", "@codingame/monaco-vscode-docker-default-extension": "31.0.0", "@codingame/monaco-vscode-dotenv-default-extension": "31.0.0", "@codingame/monaco-vscode-extension-editing-default-extension": "31.0.0", "@codingame/monaco-vscode-fsharp-default-extension": "31.0.0", "@codingame/monaco-vscode-git-base-default-extension": "31.0.0", "@codingame/monaco-vscode-go-default-extension": "31.0.0", "@codingame/monaco-vscode-groovy-default-extension": "31.0.0", "@codingame/monaco-vscode-handlebars-default-extension": "31.0.0", "@codingame/monaco-vscode-hlsl-default-extension": "31.0.0", "@codingame/monaco-vscode-html-default-extension": "31.0.0", "@codingame/monaco-vscode-ini-default-extension": "31.0.0", "@codingame/monaco-vscode-java-default-extension": "31.0.0", "@codingame/monaco-vscode-javascript-default-extension": "31.0.0", "@codingame/monaco-vscode-json-default-extension": "31.0.0", "@codingame/monaco-vscode-julia-default-extension": "31.0.0", "@codingame/monaco-vscode-latex-default-extension": "31.0.0", "@codingame/monaco-vscode-less-default-extension": "31.0.0", "@codingame/monaco-vscode-log-default-extension": "31.0.0", "@codingame/monaco-vscode-lua-default-extension": "31.0.0", "@codingame/monaco-vscode-make-default-extension": "31.0.0", "@codingame/monaco-vscode-markdown-basics-default-extension": "31.0.0", "@codingame/monaco-vscode-markdown-math-default-extension": "31.0.0", "@codingame/monaco-vscode-npm-default-extension": "31.0.0", "@codingame/monaco-vscode-objective-c-default-extension": "31.0.0", "@codingame/monaco-vscode-perl-default-extension": "31.0.0", "@codingame/monaco-vscode-php-default-extension": "31.0.0", "@codingame/monaco-vscode-powershell-default-extension": "31.0.0", "@codingame/monaco-vscode-prompt-basics-default-extension": "31.0.0", "@codingame/monaco-vscode-pug-default-extension": "31.0.0", "@codingame/monaco-vscode-python-default-extension": "31.0.0", "@codingame/monaco-vscode-r-default-extension": "31.0.0", "@codingame/monaco-vscode-razor-default-extension": "31.0.0", "@codingame/monaco-vscode-restructuredtext-default-extension": "31.0.0", "@codingame/monaco-vscode-ruby-default-extension": "31.0.0", "@codingame/monaco-vscode-rust-default-extension": "31.0.0", "@codingame/monaco-vscode-scss-default-extension": "31.0.0", "@codingame/monaco-vscode-search-result-default-extension": "31.0.0", "@codingame/monaco-vscode-shaderlab-default-extension": "31.0.0", "@codingame/monaco-vscode-shellscript-default-extension": "31.0.0", "@codingame/monaco-vscode-sql-default-extension": "31.0.0", "@codingame/monaco-vscode-swift-default-extension": "31.0.0", "@codingame/monaco-vscode-typescript-basics-default-extension": "31.0.0", "@codingame/monaco-vscode-vb-default-extension": "31.0.0", "@codingame/monaco-vscode-xml-default-extension": "31.0.0", "@codingame/monaco-vscode-yaml-default-extension": "31.0.0" } }, "sha512-k+ajtMgTLYBZeF8aYqj4JuFUmQDdk2wnlw4pdRNXd5w/S7lSVGyptkzl5xbsdhX/aW1TCNhaKSZBhuOp2NZZSg=="],

    "@codingame/monaco-vscode-api": ["@codingame/monaco-vscode-api@31.0.0", "", { "dependencies": { "@codingame/monaco-vscode-base-service-override": "31.0.0", "@codingame/monaco-vscode-environment-service-override": "31.0.0", "@codingame/monaco-vscode-extensions-service-override": "31.0.0", "@codingame/monaco-vscode-files-service-override": "31.0.0", "@codingame/monaco-vscode-host-service-override": "31.0.0", "@codingame/monaco-vscode-layout-service-override": "31.0.0", "@codingame/monaco-vscode-quickaccess-service-override": "31.0.0", "@vscode/iconv-lite-umd": "0.7.1", "dompurify": "3.4.1", "jschardet": "3.1.4", "marked": "14.0.0" } }, "sha512-LCbItxfUGyPxl1HIYizO+x/dyTTgQwQR9xbXU7fA7ZUwCZoU44t36FjOjC/fJfgopGrMJntOqZ0/HId5VM2+Rw=="],

    "@codingame/monaco-vscode-base-service-override": ["@codingame/monaco-vscode-base-service-override@31.0.0", "", { "dependencies": { "@codingame/monaco-vscode-api": "31.0.0" } }, "sha512-TR24G4m3KJhg9hSGhHp37P5pZa2juT6ZjqK1GVpCyRgmKhapA/sy393B1zm+4Q5L5coNPQhpKttNjy7Thkk6oQ=="],

    "@codingame/monaco-vscode-bat-default-extension": ["@codingame/monaco-vscode-bat-default-extension@31.0.0", "", { "dependencies": { "@codingame/monaco-vscode-api": "31.0.0" } }, "sha512-8ddKiB4y6UCAVu3UpmOq1qQQVm8jYUirUrH5ejEQhkGr/wYgV4SyNgCoDuFNS/8wGUd7LXDPFKJJHrGHQFeNzA=="],

    "@codingame/monaco-vscode-clojure-default-extension": ["@codingame/monaco-vscode-clojure-default-extension@31.0.0", "", { "dependencies": { "@codingame/monaco-vscode-api": "31.0.0" } }, "sha512-2HkxdBwXkRkJWE8PxfAlCvLNOTYf7rt8aGE105sWYorCJ2Ly3YOmU+gr2Kixrf3+JmCtvMHEmeKePUpVsRHQvQ=="],

    "@codingame/monaco-vscode-coffeescript-default-extension": ["@codingame/monaco-vscode-coffeescript-default-extension@31.0.0", "", { "dependencies": { "@codingame/monaco-vscode-api": "31.0.0" } }, "sha512-7BxBvdBwjuUQzKXTgD9Jpj2aEHnC92UzgRZrTiLhy+LRo71xwnqpxwfzOV/rAt5cHJZJ7b7mN355aNJNgzhrxQ=="],

    "@codingame/monaco-vscode-configuration-editing-default-extension": ["@codingame/monaco-vscode-configuration-editing-default-extension@31.0.0", "", { "dependencies": { "@codingame/monaco-vscode-api": "31.0.0" } }, "sha512-fR7e9hjROEizikY9799RRYBMuWeE7HMB5hlF3NuCdaaP0adeYGhMw+w0ZUaeomx3ht3XkovIt1zKJ9hq16htYQ=="],

    "@codingame/monaco-vscode-cpp-default-extension": ["@codingame/monaco-vscode-cpp-default-extension@31.0.0", "", { "dependencies": { "@codingame/monaco-vscode-api": "31.0.0" } }, "sha512-1cqMjD8HUTomglEeeCbATvP22mOdVcge/UJam4MuGfDXBo65qvqrQ7mpgp+XlWvzVnKaSsnQEjMZ86LUKKxf/g=="],

    "@codingame/monaco-vscode-csharp-default-extension": ["@codingame/monaco-vscode-csharp-default-extension@31.0.0", "", { "dependencies": { "@codingame/monaco-vscode-api": "31.0.0" } }, "sha512-zhzolUv7Fu+Dk6GpBevUVmyt5afWeiti2LMDaxQEoejykX8AGHxP2sjqedo5ajyapmPN5dmpMLUv5+S2gVmifw=="],

    "@codingame/monaco-vscode-css-default-extension": ["@codingame/monaco-vscode-css-default-extension@31.0.0", "", { "dependencies": { "@codingame/monaco-vscode-api": "31.0.0" } }, "sha512-yE8hgANWlWRD9lI1bEo7whDKodsPibYaWkIEklIxfAwScUjpbRRBO9unlRx2A6u0FQDY5cmPIm6jbVsH5BKaVg=="],

    "@codingame/monaco-vscode-dart-default-extension": ["@codingame/monaco-vscode-dart-default-extension@31.0.0", "", { "dependencies": { "@codingame/monaco-vscode-api": "31.0.0" } }, "sha512-J9FS4LIUtKafOBoVhzlL+Wp6txBYvSxo5gZs5fIDEXkGY4sxbC1ViCDFJJG/D17WLOBIwB4S0LDD2XTsWehDEA=="],

    "@codingame/monaco-vscode-diff-default-extension": ["@codingame/monaco-vscode-diff-default-extension@31.0.0", "", { "dependencies": { "@codingame/monaco-vscode-api": "31.0.0" } }, "sha512-lsyn605QOK52M/ELQdFu9iBTqv2HyA1pYn8plhGhuCa/CGK0leQCM9nfbKHcnw+4lihLggCsNKq6y+3YqA412g=="],

    "@codingame/monaco-vscode-docker-default-extension": ["@codingame/monaco-vscode-docker-default-extension@31.0.0", "", { "dependencies": { "@codingame/monaco-vscode-api": "31.0.0" } }, "sha512-c+ymuAvbA9MV4eIC6mPSwcdMzddn/4elqJ2X6HrnYuTHznMZ7SSqXRh4YIB1okMMoxRzLovc306zylNjleviQQ=="],

    "@codingame/monaco-vscode-dotenv-default-extension": ["@codingame/monaco-vscode-dotenv-default-extension@31.0.0", "", { "dependencies": { "@codingame/monaco-vscode-api": "31.0.0" } }, "sha512-oz9nVCvx0iUfVt/ODENQpEkPHY3uNVMJG6xWH+XIHoMS1QRQ8CIHZhrFqekVO0qmAd6yYDQ2EJTgoVI3HKFe1w=="],

    "@codingame/monaco-vscode-environment-service-override": ["@codingame/monaco-vscode-environment-service-override@31.0.0", "", { "dependencies": { "@codingame/monaco-vscode-api": "31.0.0" } }, "sha512-RH5Dm+JzqnVIqDP2CdL1Lz7fahc/B9RV6VtBrhE4c4RJShTAJA2QGK4E3m2qDc4Vc6OKJ2FYwGXSDS+Nrc1EjQ=="],

    "@codingame/monaco-vscode-extension-editing-default-extension": ["@codingame/monaco-vscode-extension-editing-default-extension@31.0.0", "", { "dependencies": { "@codingame/monaco-vscode-api": "31.0.0" } }, "sha512-W5WChRBs0rkl2cNdV6WGDSxKkavE4viy08eFvqMJsEf7olphfP0Fa+ZyIoyOPbbJeH4xnA1Lt0bQgwclpB7coA=="],

    "@codingame/monaco-vscode-extensions-service-override": ["@codingame/monaco-vscode-extensions-service-override@31.0.0", "", { "dependencies": { "@codingame/monaco-vscode-api": "31.0.0", "@codingame/monaco-vscode-files-service-override": "31.0.0" } }, "sha512-SawUjTPnPA+8/G4tPTiDD3lF9JCJZoULFun84fv39gjlly5C2PfjDzZZ6b0L+MBB44krsYrlqfn6ezsEjkFZug=="],

    "@codingame/monaco-vscode-files-service-override": ["@codingame/monaco-vscode-files-service-override@31.0.0", "", { "dependencies": { "@codingame/monaco-vscode-api": "31.0.0" } }, "sha512-SYiJAO6AuN/vo/YtZQtbi0ye6XMzhGgVb3R593mWN38Ly920QGA4zD5WU0PJAxw6YBP/uvN5PQB/qk7UN4AXdg=="],

    "@codingame/monaco-vscode-fsharp-default-extension": ["@codingame/monaco-vscode-fsharp-default-extension@31.0.0", "", { "dependencies": { "@codingame/monaco-vscode-api": "31.0.0" } }, "sha512-t3euFC0GGCg7Rwbs2kvKx1KWejkyu93TnvzFuKSjMgOR0WHkndMC/R5SWh+L5fFiEi7SArxvlGnyt0pJw4a8Nw=="],

    "@codingame/monaco-vscode-git-base-default-extension": ["@codingame/monaco-vscode-git-base-default-extension@31.0.0", "", { "dependencies": { "@codingame/monaco-vscode-api": "31.0.0" } }, "sha512-iBbqh+vCOxiHYk1oaOhkUmY/RRabxVZ5bQgF5e6lN9SFNoWrdzvjOnFQArI0uRkmTtK3Mse6r3pVS+V56C+AtQ=="],

    "@codingame/monaco-vscode-go-default-extension": ["@codingame/monaco-vscode-go-default-extension@31.0.0", "", { "dependencies": { "@codingame/monaco-vscode-api": "31.0.0" } }, "sha512-QLHBLRlqjDooswtyWWmz/wwSLBZmwo7xh6DBfDKIdNuWgG1VQlwkkryqRK84pUttgm9PJYl5XQHzvJk9ghospw=="],

    "@codingame/monaco-vscode-groovy-default-extension": ["@codingame/monaco-vscode-groovy-default-extension@31.0.0", "", { "dependencies": { "@codingame/monaco-vscode-api": "31.0.0" } }, "sha512-gqgYi20G2nVzpkTWhGJQuEYywb7xTvQ00AlbhI78PKzFT7ZSUOPVcZMaZ1+YPYOHLOiRWdcJaD15v3Zn1D79Qg=="],

    "@codingame/monaco-vscode-handlebars-default-extension": ["@codingame/monaco-vscode-handlebars-default-extension@31.0.0", "", { "dependencies": { "@codingame/monaco-vscode-api": "31.0.0" } }, "sha512-hDidMpzy2gzwac8m5g+OeDW5ZePcZYbbFOuXunggyYnrq5bGD3kPSRl3fQ1p26GWUWImar8WIWD8rXRMLxz+/w=="],

    "@codingame/monaco-vscode-hlsl-default-extension": ["@codingame/monaco-vscode-hlsl-default-extension@31.0.0", "", { "dependencies": { "@codingame/monaco-vscode-api": "31.0.0" } }, "sha512-6mWEuUda61KQxcU+QEzrRtYeOHuL5m8bI80kglc1/Y7RitWDSLnSBOYvh6nJJLixVjc3WR3Sv6HCNqtiWJbXug=="],

    "@codingame/monaco-vscode-host-service-override": ["@codingame/monaco-vscode-host-service-override@31.0.0", "", { "dependencies": { "@codingame/monaco-vscode-api": "31.0.0" } }, "sha512-/333ndT4Zbu9752BQz0CBmFZFPDIq3LczuDKcYk//TTVtJM0QEI/qU+HQgXY1lTrU1+K1U7ghWunnHiOgXYDyA=="],

    "@codingame/monaco-vscode-html-default-extension": ["@codingame/monaco-vscode-html-default-extension@31.0.0", "", { "dependencies": { "@codingame/monaco-vscode-api": "31.0.0" } }, "sha512-mn/h9JNLU4mORudxLBGTQgFgob5gnWImenQTpTmZ3f8HXZMkHJsJGyR4RoRCGjNV+HH2VKPvTzOUdC9wmaE8+g=="],

    "@codingame/monaco-vscode-ini-default-extension": ["@codingame/monaco-vscode-ini-default-extension@31.0.0", "", { "dependencies": { "@codingame/monaco-vscode-api": "31.0.0" } }, "sha512-iSSEpQKGuLd2F8AqSYFW4spLrU6qESh+5ipWh7jn+besOT9yEppZvrnui9GAXxpSu9s9mXoEivZo5O0tojAbgw=="],

    "@codingame/monaco-vscode-java-default-extension": ["@codingame/monaco-vscode-java-default-extension@31.0.0", "", { "dependencies": { "@codingame/monaco-vscode-api": "31.0.0" } }, "sha512-AuwSMXaynCKJzEq5F4trVXtKqW6sTj+bB2YL09pZ54Eil6b/kOvLkxrb9kaqGzzI3Fs6uP92568l1jjBLSjyEw=="],

    "@codingame/monaco-vscode-javascript-default-extension": ["@codingame/monaco-vscode-javascript-default-extension@31.0.0", "", { "dependencies": { "@codingame/monaco-vscode-api": "31.0.0" } }, "sha512-N0FnoA0zYzYBXwEQDEkjypJR5xrl/T+2Xpdpcmkvqv2IJ+ek7GDOHiIV7txUYdjtrVGOkXt7f6AHuHO0GPYXwg=="],

    "@codingame/monaco-vscode-json-default-extension": ["@codingame/monaco-vscode-json-default-extension@31.0.0", "", { "dependencies": { "@codingame/monaco-vscode-api": "31.0.0" } }, "sha512-HWqAiAlpzfUW7MT0Q8TWtYz9uBADVHBRKdS60lqefHJaKfX3mK58CvOvg23IfB/o5vrHCfV4oVVZvTIJ1qJEHA=="],

    "@codingame/monaco-vscode-julia-default-extension": ["@codingame/monaco-vscode-julia-default-extension@31.0.0", "", { "dependencies": { "@codingame/monaco-vscode-api": "31.0.0" } }, "sha512-b5YnCdHXufg0Dhjvi6tWjg+JLZg2KNmTRij3326zhZ6x+H4LZ3Z6KHRgnac/tGiX4crA+xmNKCVBNZWXOgMngw=="],

    "@codingame/monaco-vscode-languages-service-override": ["@codingame/monaco-vscode-languages-service-override@31.0.0", "", { "dependencies": { "@codingame/monaco-vscode-api": "31.0.0", "@codingame/monaco-vscode-files-service-override": "31.0.0" } }, "sha512-RhCrXx0SaHRvlWv7EPedGXiqW8kmbssSXzgiOSy7pzSCEVd8TAIGESNFyZ290yCdDHSs8wC++ZUV3Xf8mzeMXw=="],

    "@codingame/monaco-vscode-latex-default-extension": ["@codingame/monaco-vscode-latex-default-extension@31.0.0", "", { "dependencies": { "@codingame/monaco-vscode-api": "31.0.0" } }, "sha512-1sPQ48D9qwb5iUN2q+DMRDcTaWdjue6vI8sw/48kN6zUnv+fuDAzvGxBQXZ+AYBYHbh4BZGiyzWWyRAByjWaqg=="],

    "@codingame/monaco-vscode-layout-service-override": ["@codingame/monaco-vscode-layout-service-override@31.0.0", "", { "dependencies": { "@codingame/monaco-vscode-api": "31.0.0" } }, "sha512-avoJKjHlFkjkFMQy2fLcVQ0Srp8HHe9oyBgDUGMSi2kEHj5uZLUb21CWgkKqoqxAGJyaQRdUUw4vOaVNS2NtpQ=="],

    "@codingame/monaco-vscode-less-default-extension": ["@codingame/monaco-vscode-less-default-extension@31.0.0", "", { "dependencies": { "@codingame/monaco-vscode-api": "31.0.0" } }, "sha512-VWfIi881jDB+hJjK4ALDtPhqD0tOh0FekJ0SN/8eVGr2upOi7GjaDB5mYU6ZTmATrR7k3bJtulfA096I6H4lPg=="],

    "@codingame/monaco-vscode-log-default-extension": ["@codingame/monaco-vscode-log-default-extension@31.0.0", "", { "dependencies": { "@codingame/monaco-vscode-api": "31.0.0" } }, "sha512-LVaBSkwd0EmggwyKJvYuuHnoBq9CD8VDqQrh9rs22J6p/MG+SXyjXV5Pt7I12uTSIdzCMf7Mm1VhFRjMwjMFHw=="],

    "@codingame/monaco-vscode-lua-default-extension": ["@codingame/monaco-vscode-lua-default-extension@31.0.0", "", { "dependencies": { "@codingame/monaco-vscode-api": "31.0.0" } }, "sha512-5SQSTHq3bBUXfA0DBwCsL6T49dNl+Y7/8H4ldwzLQE/seIMiSKrcbUcwkHLAHrhET8kfhpayeqttbaAmONy01w=="],

    "@codingame/monaco-vscode-make-default-extension": ["@codingame/monaco-vscode-make-default-extension@31.0.0", "", { "dependencies": { "@codingame/monaco-vscode-api": "31.0.0" } }, "sha512-OckywUD/ZFwhbjluciN79SRt+7oJcfkcek2NwxS1zrd6g70rUQuv4GuvoUAefZMA6koZZoAX+UHzC4y1bNQFQA=="],

    "@codingame/monaco-vscode-markdown-basics-default-extension": ["@codingame/monaco-vscode-markdown-basics-default-extension@31.0.0", "", { "dependencies": { "@codingame/monaco-vscode-api": "31.0.0" } }, "sha512-advXdNK259P1/j9lgaou3jm06vLlqMTKlw/23ZBJtHdfR+8gOrObf7+TEQ3HY/+bkafFmRmdNw5wp1+u1qTh8g=="],

    "@codingame/monaco-vscode-markdown-math-default-extension": ["@codingame/monaco-vscode-markdown-math-default-extension@31.0.0", "", { "dependencies": { "@codingame/monaco-vscode-api": "31.0.0" } }, "sha512-knnuhmQkTjiIqtdUAY8Bb3fqt+KzBO0sMpDrMRtU3FI1Wxk3gi+B1iZ5IznypL1XUngbbajDas86upVkcl7GSg=="],

    "@codingame/monaco-vscode-npm-default-extension": ["@codingame/monaco-vscode-npm-default-extension@31.0.0", "", { "dependencies": { "@codingame/monaco-vscode-api": "31.0.0" } }, "sha512-MOhitCdXqxWPYGkhqaI3WD8LBDaslPBnMENtl2bLcd+qtNlV+mI0btgw9Ac7072BpnM9tDlF5qrvIbBDuPWa9g=="],

    "@codingame/monaco-vscode-objective-c-default-extension": ["@codingame/monaco-vscode-objective-c-default-extension@31.0.0", "", { "dependencies": { "@codingame/monaco-vscode-api": "31.0.0" } }, "sha512-2gPixXCqSvptmh6hGuEQRsX8JG9kJiqxPRY/K2ZELS6gXlMcrKoOL2iRNuzkGeFoud0gpBxJBNKPCU5+QNHauw=="],

    "@codingame/monaco-vscode-perl-default-extension": ["@codingame/monaco-vscode-perl-default-extension@31.0.0", "", { "dependencies": { "@codingame/monaco-vscode-api": "31.0.0" } }, "sha512-OH6SPbhXN/joQxpWGwn8YKnIvr1vm34zdqVqXQMIa9xzth+f1KcgsVNR5DJKxuY1MciLR08HFbiXJAtU56B7CA=="],

    "@codingame/monaco-vscode-php-default-extension": ["@codingame/monaco-vscode-php-default-extension@31.0.0", "", { "dependencies": { "@codingame/monaco-vscode-api": "31.0.0" } }, "sha512-sY1Hv+cH+klm4iOKqyb8OnGo9xxbb5Qz2x9iz4zRLMvLN+UMxViMW5uo1Vv+dzTuWuvaE4rpXOVf/m+NAg2MAg=="],

    "@codingame/monaco-vscode-powershell-default-extension": ["@codingame/monaco-vscode-powershell-default-extension@31.0.0", "", { "dependencies": { "@codingame/monaco-vscode-api": "31.0.0" } }, "sha512-G/jhvM+RPiC0pHR3gAC7mZbsjD8vV5zntseRMEZatxH0gtIWZh9s78DzEgS7SSDTCeknL3v2jkWNAlPQE/lLPw=="],

    "@codingame/monaco-vscode-prompt-basics-default-extension": ["@codingame/monaco-vscode-prompt-basics-default-extension@31.0.0", "", { "dependencies": { "@codingame/monaco-vscode-api": "31.0.0" } }, "sha512-pMgwo9l0FIzy8+bLriu1/1Pe/qt8al3ARspDdgesuynH3d0fA7C5LvumPV+5+ygSxz2VXXCjQLnofIO+iuSJYw=="],

    "@codingame/monaco-vscode-pug-default-extension": ["@codingame/monaco-vscode-pug-default-extension@31.0.0", "", { "dependencies": { "@codingame/monaco-vscode-api": "31.0.0" } }, "sha512-OuLu8se9rytVUhKxpL4WXiuQbn0DOOGgMzKgL97MczY/nOIz4ZxUV6lNww3JiSw42Zd5izbKE2LSIZXaZcpI7w=="],

    "@codingame/monaco-vscode-python-default-extension": ["@codingame/monaco-vscode-python-default-extension@31.0.0", "", { "dependencies": { "@codingame/monaco-vscode-api": "31.0.0" } }, "sha512-+7OoHn5qW0/Vkbm7yUpqYz9E2PsOp/3zl43xpMTTaKJLNnnDm7Q1gebHPER7YKBL5gcWMAhlwXXDLUZm0DeCag=="],

    "@codingame/monaco-vscode-quickaccess-service-override": ["@codingame/monaco-vscode-quickaccess-service-override@31.0.0", "", { "dependencies": { "@codingame/monaco-vscode-api": "31.0.0" } }, "sha512-GRFDjnQqLP9+3tRUl+dbn7Df/S2yW0wBjFN6gdgQxsgkZ6qr91V3va3dzGSbLviT8QltSNoCQKLS0TzOgDUGQQ=="],

    "@codingame/monaco-vscode-r-default-extension": ["@codingame/monaco-vscode-r-default-extension@31.0.0", "", { "dependencies": { "@codingame/monaco-vscode-api": "31.0.0" } }, "sha512-FPlO8g2adYMztN81so1hQKa0MYCtYE4PlCSYkN+mbDeKG4i3d0pz84lm+peLwB8Xe9LzueXA668ipuOS9/zNrA=="],

    "@codingame/monaco-vscode-razor-default-extension": ["@codingame/monaco-vscode-razor-default-extension@31.0.0", "", { "dependencies": { "@codingame/monaco-vscode-api": "31.0.0" } }, "sha512-GXFTOUF8k6t4xKf5jKw8DXVkxP6IV16avbwMJfLjBJNrpPdNU94iOTGwvYFt8LcO/ZQo7G1pIyc+1o1tN3+ebw=="],

    "@codingame/monaco-vscode-restructuredtext-default-extension": ["@codingame/monaco-vscode-restructuredtext-default-extension@31.0.0", "", { "dependencies": { "@codingame/monaco-vscode-api": "31.0.0" } }, "sha512-bdp76vnzQ4G5YbDKVcjchDY4B2IkzauWiMHYFH0cAckpmf0vyzVfk02OlTAl9+DocH98USTHr4UmNxYZsLlz/Q=="],

    "@codingame/monaco-vscode-ruby-default-extension": ["@codingame/monaco-vscode-ruby-default-extension@31.0.0", "", { "dependencies": { "@codingame/monaco-vscode-api": "31.0.0" } }, "sha512-9bL2sD8Od16AHicyXVh11A8jHptUZXG14uKiaWCjsbQAdUKpWS5xHAb8tulQ2d6WVtKgEnrM+4gbfGxAR/vxxg=="],

    "@codingame/monaco-vscode-rust-default-extension": ["@codingame/monaco-vscode-rust-default-extension@31.0.0", "", { "dependencies": { "@codingame/monaco-vscode-api": "31.0.0" } }, "sha512-a/IQBCRhiNkPEsut0OELNUqmE/vYb7rJhdaoAb/P5hZ+bqqhj3SmNORrjP+DTG44zpNxf3RLhTwMZP77KKvGfg=="],

    "@codingame/monaco-vscode-scss-default-extension": ["@codingame/monaco-vscode-scss-default-extension@31.0.0", "", { "dependencies": { "@codingame/monaco-vscode-api": "31.0.0" } }, "sha512-a6SG+wSEAxfwTvgeY5aa2qG57bKIVYj6FgB4H8G3KxTNNM8TGZ6l2fQYAb182g0z76VYgFkUugnzLhWVJXVIPQ=="],

    "@codingame/monaco-vscode-search-result-default-extension": ["@codingame/monaco-vscode-search-result-default-extension@31.0.0", "", { "dependencies": { "@codingame/monaco-vscode-api": "31.0.0" } }, "sha512-BZ4czS5lUiS90+CGGOCazlashwUD17nO+JDKcRUZRroJxQ2JPHw8mIYum5mayd40LcJh/RQr+rQ8dxmG4Q2q7A=="],

    "@codingame/monaco-vscode-shaderlab-default-extension": ["@codingame/monaco-vscode-shaderlab-default-extension@31.0.0", "", { "dependencies": { "@codingame/monaco-vscode-api": "31.0.0" } }, "sha512-fVgBLbsrUHh89V0ytILxBWbnRIsBH/fcZVYKJb8ovV9dBuWRU3/whe1xsK+9VmvqIovTW+InjXsI0JjXxgqlCQ=="],

    "@codingame/monaco-vscode-shellscript-default-extension": ["@codingame/monaco-vscode-shellscript-default-extension@31.0.0", "", { "dependencies": { "@codingame/monaco-vscode-api": "31.0.0" } }, "sha512-Y2/jk07zlHpRJY7rEDk4lONyqbTr77jHkOGhFkk4VeiFk0ieMkdR2Xu/otakWGiVwdSY0WnOp9itR1zNEyq2Sg=="],

    "@codingame/monaco-vscode-sql-default-extension": ["@codingame/monaco-vscode-sql-default-extension@31.0.0", "", { "dependencies": { "@codingame/monaco-vscode-api": "31.0.0" } }, "sha512-0HBm0gLrG8Dr0sM3i2lZEWPw02PXbzp15EdiUFaO3dBET6ymIAW3oHieAp5spLsgZDIEk97JarmsJgIIG9Q1zA=="],

    "@codingame/monaco-vscode-standalone-css-language-features": ["@codingame/monaco-vscode-standalone-css-language-features@31.0.0", "", { "dependencies": { "monaco-editor": "npm:@codingame/monaco-vscode-editor-api@31.0.0", "vscode-css-languageservice": "6.2.14", "vscode-languageserver-textdocument": "1.0.12", "vscode-languageserver-types": "3.17.5" } }, "sha512-GrrQCKCEM7vjTmgOXJR2MN1P+sEAeY6yzZ1+nJ/0u/VeLrOBi9uGJ6dSYgGtAWQPy5RpShw20Xh3osu3+5q4fw=="],

    "@codingame/monaco-vscode-standalone-html-language-features": ["@codingame/monaco-vscode-standalone-html-language-features@31.0.0", "", { "dependencies": { "monaco-editor": "npm:@codingame/monaco-vscode-editor-api@31.0.0", "vscode-html-languageservice": "5.2.0", "vscode-languageserver-textdocument": "1.0.12", "vscode-languageserver-types": "3.17.5" } }, "sha512-BWfyK+LRckzVq/9FdhOljQN1uMW7XZYE4YCANRFxWTrGPXFdF6QsgnbOGH9zNpR+4XrUHmgighUMOzkUmoZ/aQ=="],

    "@codingame/monaco-vscode-standalone-json-language-features": ["@codingame/monaco-vscode-standalone-json-language-features@31.0.0", "", { "dependencies": { "jsonc-parser": "3.3.1", "monaco-editor": "npm:@codingame/monaco-vscode-editor-api@31.0.0", "vscode-json-languageservice": "5.3.11", "vscode-languageserver-textdocument": "1.0.12", "vscode-languageserver-types": "3.17.5", "vscode-uri": "3.0.8" } }, "sha512-5xma8zT/Aekocd4qaZ6yaNBFdyOZJWaKu4xts5aR9GRcktRlk1PtAGMFyJcXCT2D8mqfelt5oagrGy73IDf23A=="],

    "@codingame/monaco-vscode-standalone-typescript-language-features": ["@codingame/monaco-vscode-standalone-typescript-language-features@31.0.0", "", { "dependencies": { "monaco-editor": "npm:@codingame/monaco-vscode-editor-api@31.0.0" } }, "sha512-K9sfL/RQJnND3vczB1b1O+fnuMgdoyVV8Rexfy6iFlKeOLWfsdInLPkvQggZQNYN9wRu7lEXTdERZPDT39Z7Xg=="],

    "@codingame/monaco-vscode-swift-default-extension": ["@codingame/monaco-vscode-swift-default-extension@31.0.0", "", { "dependencies": { "@codingame/monaco-vscode-api": "31.0.0" } }, "sha512-dFhAouKOg1t8e67eMQpreUU9j+77qNHYYasqoCgiRsOjRO5WwFPAqnUFMr4pADv6noFQnt5To5Y39fuD9OUnUQ=="],

    "@codingame/monaco-vscode-textmate-service-override": ["@codingame/monaco-vscode-textmate-service-override@31.0.0", "", { "dependencies": { "@codingame/monaco-vscode-api": "31.0.0", "@codingame/monaco-vscode-files-service-override": "31.0.0" } }, "sha512-U2sg8Y9QqIxBjAZPMQdyp3KDqXLDCA/0AswUC8i5U0Fd4C1iasAmErG5Ox1ITeRvSa/xhGvqb8ePqMVHg6ZaLA=="],

    "@codingame/monaco-vscode-theme-defaults-default-extension": ["@codingame/monaco-vscode-theme-defaults-default-extension@31.0.0", "", { "dependencies": { "@codingame/monaco-vscode-api": "31.0.0" } }, "sha512-Z0gyAFYlUlt9h/dJWctxCQRQLGTuYnpC6lXdH2g2qpyuChG5lv1900Z86aZ/bXxGtHoXFbG+gRdHTWEeA31JgQ=="],

    "@codingame/monaco-vscode-theme-service-override": ["@codingame/monaco-vscode-theme-service-override@31.0.0", "", { "dependencies": { "@codingame/monaco-vscode-api": "31.0.0", "@codingame/monaco-vscode-files-service-override": "31.0.0" } }, "sha512-JGkeobZ5Iwrtq7lT9i8PAQxPCqatHFgFBKI2ZKLnDmBqoFdehhUbshZKueXOK25ynpCYIl+0L2OKEOs0nPQqUQ=="],

    "@codingame/monaco-vscode-typescript-basics-default-extension": ["@codingame/monaco-vscode-typescript-basics-default-extension@31.0.0", "", { "dependencies": { "@codingame/monaco-vscode-api": "31.0.0" } }, "sha512-/OtWdV1sjb+CyP1jjYTJ1mYgE/VJ1gVky8hm0SpGBlX581P8XG0eoX0+hh6Hegls2j1GhwNe1VxjTT8/In9NKA=="],

    "@codingame/monaco-vscode-vb-default-extension": ["@codingame/monaco-vscode-vb-default-extension@31.0.0", "", { "dependencies": { "@codingame/monaco-vscode-api": "31.0.0" } }, "sha512-sEJj2lhBIbJMmMfp635ZUPnjh5UrzUpuNdK1hQ+mQ2+z9H3sE9KADWBAXEBTSpNp6ZwtQzY10R2GY1x1M2dl/A=="],

    "@codingame/monaco-vscode-xml-default-extension": ["@codingame/monaco-vscode-xml-default-extension@31.0.0", "", { "dependencies": { "@codingame/monaco-vscode-api": "31.0.0" } }, "sha512-6Sxx5LfJIp5RIUvh5bG9+it/OFmSeOY5TBJaMKJ3q8CJ1t7M3lXwit5MUSPB8a9HDLPg+Rp/nApNJxyBP/0uAw=="],

    "@codingame/monaco-vscode-yaml-default-extension": ["@codingame/monaco-vscode-yaml-default-extension@31.0.0", "", { "dependencies": { "@codingame/monaco-vscode-api": "31.0.0" } }, "sha512-sboYIiJUnc2Zcw4vzOvY5Ex2nbReAbGJJfp3+TWXrCmDnFoVpQd4BMRC+ISno6fL9myc8VwYv6oLeW0jRhIhTA=="],

    "@emnapi/core": ["@emnapi/core@1.9.2", "", { "dependencies": { "@emnapi/wasi-threads": "1.2.1", "tslib": "^2.4.0" } }, "sha512-UC+ZhH3XtczQYfOlu3lNEkdW/p4dsJ1r/bP7H8+rhao3TTTMO1ATq/4DdIi23XuGoFY+Cz0JmCbdVl0hz9jZcA=="],

    "@emnapi/runtime": ["@emnapi/runtime@1.9.2", "", { "dependencies": { "tslib": "^2.4.0" } }, "sha512-3U4+MIWHImeyu1wnmVygh5WlgfYDtyf0k8AbLhMFxOipihf6nrWC4syIm/SwEeec0mNSafiiNnMJwbza/Is6Lw=="],

    "@emnapi/wasi-threads": ["@emnapi/wasi-threads@1.2.1", "", { "dependencies": { "tslib": "^2.4.0" } }, "sha512-uTII7OYF+/Mes/MrcIOYp5yOtSMLBWSIoLPpcgwipoiKbli6k322tcoFsxoIIxPDqW01SQGAgko4EzZi2BNv2w=="],

    "@napi-rs/wasm-runtime": ["@napi-rs/wasm-runtime@1.1.3", "", { "dependencies": { "@tybys/wasm-util": "^0.10.1" }, "peerDependencies": { "@emnapi/core": "^1.7.1", "@emnapi/runtime": "^1.7.1" } }, "sha512-xK9sGVbJWYb08+mTJt3/YV24WxvxpXcXtP6B172paPZ+Ts69Re9dAr7lKwJoeIx8OoeuimEiRZ7umkiUVClmmQ=="],

    "@oxc-project/types": ["@oxc-project/types@0.124.0", "", {}, "sha512-VBFWMTBvHxS11Z5Lvlr3IWgrwhMTXV+Md+EQF0Xf60+wAdsGFTBx7X7K/hP4pi8N7dcm1RvcHwDxZ16Qx8keUg=="],

    "@rolldown/binding-android-arm64": ["@rolldown/binding-android-arm64@1.0.0-rc.15", "", { "os": "android", "cpu": "arm64" }, "sha512-YYe6aWruPZDtHNpwu7+qAHEMbQ/yRl6atqb/AhznLTnD3UY99Q1jE7ihLSahNWkF4EqRPVC4SiR4O0UkLK02tA=="],

    "@rolldown/binding-darwin-arm64": ["@rolldown/binding-darwin-arm64@1.0.0-rc.15", "", { "os": "darwin", "cpu": "arm64" }, "sha512-oArR/ig8wNTPYsXL+Mzhs0oxhxfuHRfG7Ikw7jXsw8mYOtk71W0OkF2VEVh699pdmzjPQsTjlD1JIOoHkLP1Fg=="],

    "@rolldown/binding-darwin-x64": ["@rolldown/binding-darwin-x64@1.0.0-rc.15", "", { "os": "darwin", "cpu": "x64" }, "sha512-YzeVqOqjPYvUbJSWJ4EDL8ahbmsIXQpgL3JVipmN+MX0XnXMeWomLN3Fb+nwCmP/jfyqte5I3XRSm7OfQrbyxw=="],

    "@rolldown/binding-freebsd-x64": ["@rolldown/binding-freebsd-x64@1.0.0-rc.15", "", { "os": "freebsd", "cpu": "x64" }, "sha512-9Erhx956jeQ0nNTyif1+QWAXDRD38ZNjr//bSHrt6wDwB+QkAfl2q6Mn1k6OBPerznjRmbM10lgRb1Pli4xZPw=="],

    "@rolldown/binding-linux-arm-gnueabihf": ["@rolldown/binding-linux-arm-gnueabihf@1.0.0-rc.15", "", { "os": "linux", "cpu": "arm" }, "sha512-cVwk0w8QbZJGTnP/AHQBs5yNwmpgGYStL88t4UIaqcvYJWBfS0s3oqVLZPwsPU6M0zlW4GqjP0Zq5MnAGwFeGA=="],

    "@rolldown/binding-linux-arm64-gnu": ["@rolldown/binding-linux-arm64-gnu@1.0.0-rc.15", "", { "os": "linux", "cpu": "arm64" }, "sha512-eBZ/u8iAK9SoHGanqe/jrPnY0JvBN6iXbVOsbO38mbz+ZJsaobExAm1Iu+rxa4S1l2FjG0qEZn4Rc6X8n+9M+w=="],

    "@rolldown/binding-linux-arm64-musl": ["@rolldown/binding-linux-arm64-musl@1.0.0-rc.15", "", { "os": "linux", "cpu": "arm64" }, "sha512-ZvRYMGrAklV9PEkgt4LQM6MjQX2P58HPAuecwYObY2DhS2t35R0I810bKi0wmaYORt6m/2Sm+Z+nFgb0WhXNcQ=="],

    "@rolldown/binding-linux-ppc64-gnu": ["@rolldown/binding-linux-ppc64-gnu@1.0.0-rc.15", "", { "os": "linux", "cpu": "ppc64" }, "sha512-VDpgGBzgfg5hLg+uBpCLoFG5kVvEyafmfxGUV0UHLcL5irxAK7PKNeC2MwClgk6ZAiNhmo9FLhRYgvMmedLtnQ=="],

    "@rolldown/binding-linux-s390x-gnu": ["@rolldown/binding-linux-s390x-gnu@1.0.0-rc.15", "", { "os": "linux", "cpu": "s390x" }, "sha512-y1uXY3qQWCzcPgRJATPSOUP4tCemh4uBdY7e3EZbVwCJTY3gLJWnQABgeUetvED+bt1FQ01OeZwvhLS2bpNrAQ=="],

    "@rolldown/binding-linux-x64-gnu": ["@rolldown/binding-linux-x64-gnu@1.0.0-rc.15", "", { "os": "linux", "cpu": "x64" }, "sha512-023bTPBod7J3Y/4fzAN6QtpkSABR0rigtrwaP+qSEabUh5zf6ELr9Nc7GujaROuPY3uwdSIXWrvhn1KxOvurWA=="],

    "@rolldown/binding-linux-x64-musl": ["@rolldown/binding-linux-x64-musl@1.0.0-rc.15", "", { "os": "linux", "cpu": "x64" }, "sha512-witB2O0/hU4CgfOOKUoeFgQ4GktPi1eEbAhaLAIpgD6+ZnhcPkUtPsoKKHRzmOoWPZue46IThdSgdo4XneOLYw=="],

    "@rolldown/binding-openharmony-arm64": ["@rolldown/binding-openharmony-arm64@1.0.0-rc.15", "", { "os": "none", "cpu": "arm64" }, "sha512-UCL68NJ0Ud5zRipXZE9dF5PmirzJE4E4BCIOOssEnM7wLDsxjc6Qb0sGDxTNRTP53I6MZpygyCpY8Aa8sPfKPg=="],

    "@rolldown/binding-wasm32-wasi": ["@rolldown/binding-wasm32-wasi@1.0.0-rc.15", "", { "dependencies": { "@emnapi/core": "1.9.2", "@emnapi/runtime": "1.9.2", "@napi-rs/wasm-runtime": "^1.1.3" }, "cpu": "none" }, "sha512-ApLruZq/ig+nhaE7OJm4lDjayUnOHVUa77zGeqnqZ9pn0ovdVbbNPerVibLXDmWeUZXjIYIT8V3xkT58Rm9u5Q=="],

    "@rolldown/binding-win32-arm64-msvc": ["@rolldown/binding-win32-arm64-msvc@1.0.0-rc.15", "", { "os": "win32", "cpu": "arm64" }, "sha512-KmoUoU7HnN+Si5YWJigfTws1jz1bKBYDQKdbLspz0UaqjjFkddHsqorgiW1mxcAj88lYUE6NC/zJNwT+SloqtA=="],

    "@rolldown/binding-win32-x64-msvc": ["@rolldown/binding-win32-x64-msvc@1.0.0-rc.15", "", { "os": "win32", "cpu": "x64" }, "sha512-3P2A8L+x75qavWLe/Dll3EYBJLQmtkJN8rfh+U/eR3MqMgL/h98PhYI+JFfXuDPgPeCB7iZAKiqii5vqOvnA0g=="],

    "@rolldown/pluginutils": ["@rolldown/pluginutils@1.0.0-rc.15", "", {}, "sha512-UromN0peaE53IaBRe9W7CjrZgXl90fqGpK+mIZbA3qSTeYqg3pqpROBdIPvOG3F5ereDHNwoHBI2e50n1BDr1g=="],

    "@tybys/wasm-util": ["@tybys/wasm-util@0.10.1", "", { "dependencies": { "tslib": "^2.4.0" } }, "sha512-9tTaPJLSiejZKx+Bmog4uSubteqTvFrVrURwkmHixBo0G4seD0zUxp98E1DzUBJxLQ3NPwXrGKDiVjwx/DpPsg=="],

    "@types/trusted-types": ["@types/trusted-types@2.0.7", "", {}, "sha512-ScaPdn1dQczgbl0QFTeTOmVHFULt394XJgOQNoyVhZ6r2vLnMLJfBPd53SB52T/3G36VI1/g2MZaX0cwDuXsfw=="],

    "@vscode/iconv-lite-umd": ["@vscode/iconv-lite-umd@0.7.1", "", {}, "sha512-tK6k0DXFHW7q5+GGuGZO+phpAqpxO4WXl+BLc/8/uOk3RsM2ssAL3CQUQDb1TGfwltjsauhN6S4ghYZzs4sPFw=="],

    "@vscode/l10n": ["@vscode/l10n@0.0.18", "", {}, "sha512-KYSIHVmslkaCDyw013pphY+d7x1qV8IZupYfeIfzNA+nsaWHbn5uPuQRvdRFsa9zFzGeudPuoGoZ1Op4jrJXIQ=="],

    "detect-libc": ["detect-libc@2.1.2", "", {}, "sha512-Btj2BOOO83o3WyH59e8MgXsxEQVcarkUOpEYrubB0urwnN10yQ364rsiByU11nZlqWYZm05i/of7io4mzihBtQ=="],

    "dompurify": ["dompurify@3.4.1", "", { "optionalDependencies": { "@types/trusted-types": "^2.0.7" } }, "sha512-JahakDAIg1gyOm7dlgWSDjV4n7Ip2PKR55NIT6jrMfIgLFgWo81vdr1/QGqWtFNRqXP9UV71oVePtjqS2ebnPw=="],

    "fdir": ["fdir@6.5.0", "", { "peerDependencies": { "picomatch": "^3 || ^4" } }, "sha512-tIbYtZbucOs0BRGqPJkshJUYdL+SDH7dVM8gjy+ERp3WAUjLEFJE+02kanyHtwjWOnwrKYBiwAmM0p4kLJAnXg=="],

    "fsevents": ["fsevents@2.3.3", "", { "os": "darwin" }, "sha512-5xoDfX+fL7faATnagmWPpbFtwh/R77WmMMqqHGS65C3vvB0YHrgF+B1YmZ3441tMj5n63k0212XNoJwzlhffQw=="],

    "jschardet": ["jschardet@3.1.4", "", {}, "sha512-/kmVISmrwVwtyYU40iQUOp3SUPk2dhNCMsZBQX0R1/jZ8maaXJ/oZIzUOiyOqcgtLnETFKYChbJ5iDC/eWmFHg=="],

    "jsonc-parser": ["jsonc-parser@3.3.1", "", {}, "sha512-HUgH65KyejrUFPvHFPbqOY0rsFip3Bo5wb4ngvdi1EpCYWUQDC5V+Y7mZws+DLkr4M//zQJoanu1SP+87Dv1oQ=="],

    "lightningcss": ["lightningcss@1.32.0", "", { "dependencies": { "detect-libc": "^2.0.3" }, "optionalDependencies": { "lightningcss-android-arm64": "1.32.0", "lightningcss-darwin-arm64": "1.32.0", "lightningcss-darwin-x64": "1.32.0", "lightningcss-freebsd-x64": "1.32.0", "lightningcss-linux-arm-gnueabihf": "1.32.0", "lightningcss-linux-arm64-gnu": "1.32.0", "lightningcss-linux-arm64-musl": "1.32.0", "lightningcss-linux-x64-gnu": "1.32.0", "lightningcss-linux-x64-musl": "1.32.0", "lightningcss-win32-arm64-msvc": "1.32.0", "lightningcss-win32-x64-msvc": "1.32.0" } }, "sha512-NXYBzinNrblfraPGyrbPoD19C1h9lfI/1mzgWYvXUTe414Gz/X1FD2XBZSZM7rRTrMA8JL3OtAaGifrIKhQ5yQ=="],

    "lightningcss-android-arm64": ["lightningcss-android-arm64@1.32.0", "", { "os": "android", "cpu": "arm64" }, "sha512-YK7/ClTt4kAK0vo6w3X+Pnm0D2cf2vPHbhOXdoNti1Ga0al1P4TBZhwjATvjNwLEBCnKvjJc2jQgHXH0NEwlAg=="],

    "lightningcss-darwin-arm64": ["lightningcss-darwin-arm64@1.32.0", "", { "os": "darwin", "cpu": "arm64" }, "sha512-RzeG9Ju5bag2Bv1/lwlVJvBE3q6TtXskdZLLCyfg5pt+HLz9BqlICO7LZM7VHNTTn/5PRhHFBSjk5lc4cmscPQ=="],

    "lightningcss-darwin-x64": ["lightningcss-darwin-x64@1.32.0", "", { "os": "darwin", "cpu": "x64" }, "sha512-U+QsBp2m/s2wqpUYT/6wnlagdZbtZdndSmut/NJqlCcMLTWp5muCrID+K5UJ6jqD2BFshejCYXniPDbNh73V8w=="],

    "lightningcss-freebsd-x64": ["lightningcss-freebsd-x64@1.32.0", "", { "os": "freebsd", "cpu": "x64" }, "sha512-JCTigedEksZk3tHTTthnMdVfGf61Fky8Ji2E4YjUTEQX14xiy/lTzXnu1vwiZe3bYe0q+SpsSH/CTeDXK6WHig=="],

    "lightningcss-linux-arm-gnueabihf": ["lightningcss-linux-arm-gnueabihf@1.32.0", "", { "os": "linux", "cpu": "arm" }, "sha512-x6rnnpRa2GL0zQOkt6rts3YDPzduLpWvwAF6EMhXFVZXD4tPrBkEFqzGowzCsIWsPjqSK+tyNEODUBXeeVHSkw=="],

    "lightningcss-linux-arm64-gnu": ["lightningcss-linux-arm64-gnu@1.32.0", "", { "os": "linux", "cpu": "arm64" }, "sha512-0nnMyoyOLRJXfbMOilaSRcLH3Jw5z9HDNGfT/gwCPgaDjnx0i8w7vBzFLFR1f6CMLKF8gVbebmkUN3fa/kQJpQ=="],

    "lightningcss-linux-arm64-musl": ["lightningcss-linux-arm64-musl@1.32.0", "", { "os": "linux", "cpu": "arm64" }, "sha512-UpQkoenr4UJEzgVIYpI80lDFvRmPVg6oqboNHfoH4CQIfNA+HOrZ7Mo7KZP02dC6LjghPQJeBsvXhJod/wnIBg=="],

    "lightningcss-linux-x64-gnu": ["lightningcss-linux-x64-gnu@1.32.0", "", { "os": "linux", "cpu": "x64" }, "sha512-V7Qr52IhZmdKPVr+Vtw8o+WLsQJYCTd8loIfpDaMRWGUZfBOYEJeyJIkqGIDMZPwPx24pUMfwSxxI8phr/MbOA=="],

    "lightningcss-linux-x64-musl": ["lightningcss-linux-x64-musl@1.32.0", "", { "os": "linux", "cpu": "x64" }, "sha512-bYcLp+Vb0awsiXg/80uCRezCYHNg1/l3mt0gzHnWV9XP1W5sKa5/TCdGWaR/zBM2PeF/HbsQv/j2URNOiVuxWg=="],

    "lightningcss-win32-arm64-msvc": ["lightningcss-win32-arm64-msvc@1.32.0", "", { "os": "win32", "cpu": "arm64" }, "sha512-8SbC8BR40pS6baCM8sbtYDSwEVQd4JlFTOlaD3gWGHfThTcABnNDBda6eTZeqbofalIJhFx0qKzgHJmcPTnGdw=="],

    "lightningcss-win32-x64-msvc": ["lightningcss-win32-x64-msvc@1.32.0", "", { "os": "win32", "cpu": "x64" }, "sha512-Amq9B/SoZYdDi1kFrojnoqPLxYhQ4Wo5XiL8EVJrVsB8ARoC1PWW6VGtT0WKCemjy8aC+louJnjS7U18x3b06Q=="],

    "marked": ["marked@14.0.0", "", { "bin": "bin/marked.js" }, "sha512-uIj4+faQ+MgHgwUW1l2PsPglZLOLOT1uErt06dAPtx2kjteLAkbsd/0FiYg/MGS+i7ZKLb7w2WClxHkzOOuryQ=="],

    "monaco-editor": ["@codingame/monaco-vscode-editor-api@31.0.0", "", { "dependencies": { "@codingame/monaco-vscode-api": "31.0.0" } }, "sha512-U8BJOTmgcP252s8iSG5XxbVQccpJmxpDE9rUSIT0nyikTDPmif5BJU7g2m7Y+8WS2BDKN3k/4/sBXX8Tya3TGw=="],

    "nanoid": ["nanoid@3.3.11", "", { "bin": "bin/nanoid.cjs" }, "sha512-N8SpfPUnUp1bK+PMYW8qSWdl9U+wwNWI4QKxOYDy9JAro3WMX7p2OeVRF9v+347pnakNevPmiHhNmZ2HbFA76w=="],

    "picocolors": ["picocolors@1.1.1", "", {}, "sha512-xceH2snhtb5M9liqDsmEw56le376mTZkEX/jEb/RxNFyegNul7eNslCXP9FDj/Lcu0X8KEyMceP2ntpaHrDEVA=="],

    "picomatch": ["picomatch@4.0.4", "", {}, "sha512-QP88BAKvMam/3NxH6vj2o21R6MjxZUAd6nlwAS/pnGvN9IVLocLHxGYIzFhg6fUQ+5th6P4dv4eW9jX3DSIj7A=="],

    "postcss": ["postcss@8.5.9", "", { "dependencies": { "nanoid": "^3.3.11", "picocolors": "^1.1.1", "source-map-js": "^1.2.1" } }, "sha512-7a70Nsot+EMX9fFU3064K/kdHWZqGVY+BADLyXc8Dfv+mTLLVl6JzJpPaCZ2kQL9gIJvKXSLMHhqdRRjwQeFtw=="],

    "rolldown": ["rolldown@1.0.0-rc.15", "", { "dependencies": { "@oxc-project/types": "=0.124.0", "@rolldown/pluginutils": "1.0.0-rc.15" }, "optionalDependencies": { "@rolldown/binding-android-arm64": "1.0.0-rc.15", "@rolldown/binding-darwin-arm64": "1.0.0-rc.15", "@rolldown/binding-darwin-x64": "1.0.0-rc.15", "@rolldown/binding-freebsd-x64": "1.0.0-rc.15", "@rolldown/binding-linux-arm-gnueabihf": "1.0.0-rc.15", "@rolldown/binding-linux-arm64-gnu": "1.0.0-rc.15", "@rolldown/binding-linux-arm64-musl": "1.0.0-rc.15", "@rolldown/binding-linux-ppc64-gnu": "1.0.0-rc.15", "@rolldown/binding-linux-s390x-gnu": "1.0.0-rc.15", "@rolldown/binding-linux-x64-gnu": "1.0.0-rc.15", "@rolldown/binding-linux-x64-musl": "1.0.0-rc.15", "@rolldown/binding-openharmony-arm64": "1.0.0-rc.15", "@rolldown/binding-wasm32-wasi": "1.0.0-rc.15", "@rolldown/binding-win32-arm64-msvc": "1.0.0-rc.15", "@rolldown/binding-win32-x64-msvc": "1.0.0-rc.15" }, "bin": { "rolldown": "bin/cli.mjs" } }, "sha512-Ff31guA5zT6WjnGp0SXw76X6hzGRk/OQq2hE+1lcDe+lJdHSgnSX6nK3erbONHyCbpSj9a9E+uX/OvytZoWp2g=="],

    "source-map-js": ["source-map-js@1.2.1", "", {}, "sha512-UXWMKhLOwVKb728IUtQPXxfYU+usdybtUrK/8uGE8CQMvrhOpwvzDBwj0QhSL7MQc7vIsISBG8VQ8+IDQxpfQA=="],

    "tinyglobby": ["tinyglobby@0.2.16", "", { "dependencies": { "fdir": "^6.5.0", "picomatch": "^4.0.4" } }, "sha512-pn99VhoACYR8nFHhxqix+uvsbXineAasWm5ojXoN8xEwK5Kd3/TrhNn1wByuD52UxWRLy8pu+kRMniEi6Eq9Zg=="],

    "tslib": ["tslib@2.8.1", "", {}, "sha512-oJFu94HQb+KVduSUQL7wnpmqnfmLsOA/nAh6b6EH0wCEoK0/mPeXU6c3wKDV83MkOuHPRHtSXKKU99IBazS/2w=="],

    "vite": ["vite@8.0.8", "", { "dependencies": { "lightningcss": "^1.32.0", "picomatch": "^4.0.4", "postcss": "^8.5.8", "rolldown": "1.0.0-rc.15", "tinyglobby": "^0.2.15" }, "optionalDependencies": { "fsevents": "~2.3.3" }, "peerDependencies": { "@types/node": "^20.19.0 || >=22.12.0", "@vitejs/devtools": "^0.1.0", "esbuild": "^0.27.0 || ^0.28.0", "jiti": ">=1.21.0", "less": "^4.0.0", "sass": "^1.70.0", "sass-embedded": "^1.70.0", "stylus": ">=0.54.8", "sugarss": "^5.0.0", "terser": "^5.16.0", "tsx": "^4.8.1", "yaml": "^2.4.2" }, "optionalPeers": ["@types/node", "@vitejs/devtools", "esbuild", "jiti", "less", "sass", "sass-embedded", "stylus", "sugarss", "terser", "tsx", "yaml"], "bin": { "vite": "bin/vite.js" } }, "sha512-dbU7/iLVa8KZALJyLOBOQ88nOXtNG8vxKuOT4I2mD+Ya70KPceF4IAmDsmU0h1Qsn5bPrvsY9HJstCRh3hG6Uw=="],

    "vscode-css-languageservice": ["vscode-css-languageservice@6.2.14", "", { "dependencies": { "@vscode/l10n": "^0.0.18", "vscode-languageserver-textdocument": "^1.0.11", "vscode-languageserver-types": "3.17.5", "vscode-uri": "^3.0.8" } }, "sha512-5UPQ9Y1sUTnuMyaMBpO7LrBkqjhEJb5eAwdUlDp+Uez8lry+Tspnk3+3p2qWS4LlNsr4p3v9WkZxUf1ltgFpgw=="],

    "vscode-html-languageservice": ["vscode-html-languageservice@5.2.0", "", { "dependencies": { "@vscode/l10n": "^0.0.18", "vscode-languageserver-textdocument": "^1.0.11", "vscode-languageserver-types": "^3.17.5", "vscode-uri": "^3.0.8" } }, "sha512-cdNMhyw57/SQzgUUGSIMQ66jikqEN6nBNyhx5YuOyj9310+eY9zw8Q0cXpiKzDX8aHYFewQEXRnigl06j/TVwQ=="],

    "vscode-json-languageservice": ["vscode-json-languageservice@5.3.11", "", { "dependencies": { "@vscode/l10n": "^0.0.18", "jsonc-parser": "^3.2.1", "vscode-languageserver-textdocument": "^1.0.11", "vscode-languageserver-types": "^3.17.5", "vscode-uri": "^3.0.8" } }, "sha512-WYS72Ymria3dn8ZbjtBbt5K71m05wY1Q6hpXV5JxUT0q75Ts0ljLmnZJAVpx8DjPgYbFD+Z8KHpWh2laKLUCtQ=="],

    "vscode-languageserver-textdocument": ["vscode-languageserver-textdocument@1.0.12", "", {}, "sha512-cxWNPesCnQCcMPeenjKKsOCKQZ/L6Tv19DTRIGuLWe32lyzWhihGVJ/rcckZXJxfdKCFvRLS3fpBIsV/ZGX4zA=="],

    "vscode-languageserver-types": ["vscode-languageserver-types@3.17.5", "", {}, "sha512-Ld1VelNuX9pdF39h2Hgaeb5hEZM2Z3jUrrMgWQAu82jMtZp7p3vJT3BzToKtZI7NgQssZje5o0zryOrhQvzQAg=="],

    "vscode-uri": ["vscode-uri@3.0.8", "", {}, "sha512-AyFQ0EVmsOZOlAnxoFOGOq1SQDWAB7C6aqMGS23svWAllfOaxbuFvcT8D1i8z3Gyn8fraVeZNNmN6e9bxxXkKw=="],
  }
}
